{
    "_meta": {
        "hash": {
            "sha256": "a9a0ab636077edd7bb4388463a4c56f38dde894bbf3cdf57fc98df204a6be4dd"
        },
        "host-environment-markers": {
            "implementation_name": "cpython",
            "implementation_version": "3.6.3",
            "os_name": "posix",
            "platform_machine": "x86_64",
            "platform_python_implementation": "CPython",
            "platform_release": "19.0.0",
            "platform_system": "Darwin",
            "platform_version": "Darwin Kernel Version 19.0.0: Wed Sep 25 20:18:50 PDT 2019; root:xnu-6153.11.26~2/RELEASE_X86_64",
            "python_full_version": "3.6.3",
            "python_version": "3.6",
            "sys_platform": "darwin"
        },
        "pipfile-spec": 6,
        "requires": {
            "python_version": "3.7"
        },
        "sources": [
            {
                "name": "pypi",
                "url": "https://pypi.org/simple",
                "verify_ssl": true
            }
        ]
    },
    "default": {
        "dataclasses": {
            "hashes": [],
            "version": "==0.7"
        }
    },
    "develop": {
        "appdirs": {
            "hashes": [],
            "version": "==1.4.3"
        },
        "atomicwrites": {
            "hashes": [],
            "version": "==1.3.0"
        },
        "attrs": {
            "hashes": [],
            "version": "==19.3.0"
        },
        "black": {
            "hashes": [],
            "version": "==19.3b0"
        },
        "bleach": {
            "hashes": [],
            "version": "==3.1.0"
        },
        "certifi": {
            "hashes": [],
            "version": "==2019.9.11"
        },
        "chardet": {
            "hashes": [],
            "version": "==3.0.4"
        },
        "click": {
            "hashes": [],
            "version": "==7.0"
        },
        "docutils": {
            "hashes": [],
            "version": "==0.15.2"
        },
        "entrypoints": {
            "hashes": [],
            "version": "==0.3"
        },
        "flake8": {
            "hashes": [],
            "version": "==3.7.8"
        },
        "idna": {
            "hashes": [],
            "version": "==2.8"
        },
        "importlib-metadata": {
            "hashes": [],
            "markers": "python_version < '3.8'",
            "version": "==0.23"
        },
        "invoke": {
            "hashes": [],
            "version": "==1.3.0"
        },
        "mccabe": {
            "hashes": [],
            "version": "==0.6.1"
        },
        "more-itertools": {
            "hashes": [],
            "version": "==7.2.0"
        },
        "mypy": {
            "hashes": [],
            "version": "==0.740"
        },
        "mypy-extensions": {
            "hashes": [],
            "version": "==0.4.3"
        },
        "packaging": {
            "hashes": [],
            "version": "==19.2"
        },
        "pkginfo": {
            "hashes": [],
            "version": "==1.5.0.1"
        },
        "pluggy": {
            "hashes": [],
            "version": "==0.13.0"
        },
        "py": {
            "hashes": [],
            "version": "==1.8.0"
        },
        "pycodestyle": {
            "hashes": [],
            "version": "==2.5.0"
        },
        "pyflakes": {
            "hashes": [],
            "version": "==2.1.1"
        },
        "pygments": {
            "hashes": [],
            "version": "==2.4.2"
        },
        "pyparsing": {
            "hashes": [],
            "version": "==2.4.2"
        },
        "pytest": {
            "hashes": [],
            "version": "==5.2.2"
        },
        "readme-renderer": {
            "hashes": [],
            "version": "==24.0"
        },
        "requests": {
            "hashes": [],
            "version": "==2.22.0"
        },
        "requests-toolbelt": {
            "hashes": [],
            "version": "==0.9.1"
        },
        "six": {
            "hashes": [],
            "version": "==1.12.0"
        },
        "toml": {
            "hashes": [],
            "version": "==0.10.0"
        },
        "tqdm": {
            "hashes": [],
            "version": "==4.36.1"
        },
        "twine": {
            "hashes": [],
            "version": "==2.0.0"
        },
        "typed-ast": {
            "hashes": [],
            "version": "==1.4.0"
        },
        "typing-extensions": {
            "hashes": [],
            "version": "==3.7.4"
        },
        "urllib3": {
            "hashes": [],
            "version": "==1.25.6"
        },
        "wcwidth": {
            "hashes": [],
            "version": "==0.1.7"
        },
        "webencodings": {
            "hashes": [],
            "version": "==0.5.1"
        },
        "zipp": {
            "hashes": [],
            "version": "==0.6.0"
        }
    }
}
